Microsoft Visual Studio Solution File, Format Version 12.00
# Visual Studio Version 17
VisualStudioVersion = 17.0.31903.59
MinimumVisualStudioVersion = 10.0.40219.1
Project("{FAE04EC0-301F-11D3-BF4B-00C04F79EFBC}") = "Posty5.Core", "src\Posty5.Core\Posty5.Core.csproj", "{A1B2C3D4-E5F6-7890-1234-567890ABCDEF}"
EndProject
Project("{FAE04EC0-301F-11D3-BF4B-00C04F79EFBC}") = "Posty5.ShortLink", "src\Posty5.ShortLink\Posty5.ShortLink.csproj", "{C3D4E5F6-A7B8-9012-3456-7890ABCDEF01}"
EndProject
Project("{FAE04EC0-301F-11D3-BF4B-00C04F79EFBC}") = "Posty5.Tests", "tests\Posty5.Tests\Posty5.Tests.csproj", "{F6A7B8C9-D0E1-2345-6789-0ABCDEF01234}"
EndProject
Project("{FAE04EC0-301F-11D3-BF4B-00C04F79EFBC}") = "Posty5.QRCode", "src\Posty5.QRCode\Posty5.QRCode.csproj", "{24344015-D5C8-E939-0F88-24BA7175AB48}"
EndProject
Project("{FAE04EC0-301F-11D3-BF4B-00C04F79EFBC}") = "Posty5.HtmlHosting", "src\Posty5.HtmlHosting\Posty5.HtmlHosting.csproj", "{35455126-E6D9-FA4A-1099-35CB8286BC59}"
EndProject
Project("{FAE04EC0-301F-11D3-BF4B-00C04F79EFBC}") = "Posty5.HtmlHostingVariables", "src\Posty5.HtmlHostingVariables\Posty5.HtmlHostingVariables.csproj", "{46566237-F7EA-0B5B-20AA-46DC9397CD6A}"
EndProject
Project("{FAE04EC0-301F-11D3-BF4B-00C04F79EFBC}") = "Posty5.SocialPublisherWorkspace", "src\Posty5.SocialPublisherWorkspace\Posty5.SocialPublisherWorkspace.csproj", "{57677348-08FB-1C6C-31BB-57ED0408DE7B}"
EndProject
Project("{FAE04EC0-301F-11D3-BF4B-00C04F79EFBC}") = "Posty5.SocialPublisherPost", "src\Posty5.SocialPublisherPost\Posty5.SocialPublisherPost.csproj", "{1B6DEA68-7267-4208-8CCC-017FDCA94937}"
EndProject
Project("{FAE04EC0-301F-11D3-BF4B-00C04F79EFBC}") = "Posty5.HtmlHostingFormSubmission", "src\Posty5.HtmlHostingFormSubmission\Posty5.HtmlHostingFormSubmission.csproj", "{2C7EFB79-8378-5319-9DDD-128FE0629FE9}"
EndProject
Global
	GlobalSection(SolutionConfigurationPlatforms) = preSolution
		Debug|Any CPU = Debug|Any CPU
		Release|Any CPU = Release|Any CPU
	EndGlobalSection
	GlobalSection(ProjectConfigurationPlatforms) = postSolution
		{A1B2C3D4-E5F6-7890-1234-567890ABCDEF}.Debug|Any CPU.ActiveCfg = Debug|Any CPU
		{A1B2C3D4-E5F6-7890-1234-567890ABCDEF}.Debug|Any CPU.Build.0 = Debug|Any CPU
		{A1B2C3D4-E5F6-7890-1234-567890ABCDEF}.Release|Any CPU.ActiveCfg = Release|Any CPU
		{A1B2C3D4-E5F6-7890-1234-567890ABCDEF}.Release|Any CPU.Build.0 = Release|Any CPU
		{C3D4E5F6-A7B8-9012-3456-7890ABCDEF01}.Debug|Any CPU.ActiveCfg = Debug|Any CPU
		{C3D4E5F6-A7B8-9012-3456-7890ABCDEF01}.Debug|Any CPU.Build.0 = Debug|Any CPU
		{C3D4E5F6-A7B8-9012-3456-7890ABCDEF01}.Release|Any CPU.ActiveCfg = Release|Any CPU
		{C3D4E5F6-A7B8-9012-3456-7890ABCDEF01}.Release|Any CPU.Build.0 = Release|Any CPU
		{F6A7B8C9-D0E1-2345-6789-0ABCDEF01234}.Debug|Any CPU.ActiveCfg = Debug|Any CPU
		{F6A7B8C9-D0E1-2345-6789-0ABCDEF01234}.Debug|Any CPU.Build.0 = Debug|Any CPU
		{F6A7B8C9-D0E1-2345-6789-0ABCDEF01234}.Release|Any CPU.ActiveCfg = Release|Any CPU
		{F6A7B8C9-D0E1-2345-6789-0ABCDEF01234}.Release|Any CPU.Build.0 = Release|Any CPU
		{24344015-D5C8-E939-0F88-24BA7175AB48}.Debug|Any CPU.ActiveCfg = Debug|Any CPU
		{24344015-D5C8-E939-0F88-24BA7175AB48}.Debug|Any CPU.Build.0 = Debug|Any CPU
		{24344015-D5C8-E939-0F88-24BA7175AB48}.Release|Any CPU.ActiveCfg = Release|Any CPU
		{24344015-D5C8-E939-0F88-24BA7175AB48}.Release|Any CPU.Build.0 = Release|Any CPU
		{35455126-E6D9-FA4A-1099-35CB8286BC59}.Debug|Any CPU.ActiveCfg = Debug|Any CPU
		{35455126-E6D9-FA4A-1099-35CB8286BC59}.Debug|Any CPU.Build.0 = Debug|Any CPU
		{35455126-E6D9-FA4A-1099-35CB8286BC59}.Release|Any CPU.ActiveCfg = Release|Any CPU
		{35455126-E6D9-FA4A-1099-35CB8286BC59}.Release|Any CPU.Build.0 = Release|Any CPU
		{46566237-F7EA-0B5B-20AA-46DC9397CD6A}.Debug|Any CPU.ActiveCfg = Debug|Any CPU
		{46566237-F7EA-0B5B-20AA-46DC9397CD6A}.Debug|Any CPU.Build.0 = Debug|Any CPU
		{46566237-F7EA-0B5B-20AA-46DC9397CD6A}.Release|Any CPU.ActiveCfg = Release|Any CPU
		{46566237-F7EA-0B5B-20AA-46DC9397CD6A}.Release|Any CPU.Build.0 = Release|Any CPU
		{57677348-08FB-1C6C-31BB-57ED0408DE7B}.Debug|Any CPU.ActiveCfg = Debug|Any CPU
		{57677348-08FB-1C6C-31BB-57ED0408DE7B}.Debug|Any CPU.Build.0 = Debug|Any CPU
		{57677348-08FB-1C6C-31BB-57ED0408DE7B}.Release|Any CPU.ActiveCfg = Release|Any CPU
		{57677348-08FB-1C6C-31BB-57ED0408DE7B}.Release|Any CPU.Build.0 = Release|Any CPU
		{1B6DEA68-7267-4208-8CCC-017FDCA94937}.Debug|Any CPU.ActiveCfg = Debug|Any CPU
		{1B6DEA68-7267-4208-8CCC-017FDCA94937}.Debug|Any CPU.Build.0 = Debug|Any CPU
		{1B6DEA68-7267-4208-8CCC-017FDCA94937}.Release|Any CPU.ActiveCfg = Release|Any CPU
		{1B6DEA68-7267-4208-8CCC-017FDCA94937}.Release|Any CPU.Build.0 = Release|Any CPU
		{2C7EFB79-8378-5319-9DDD-128FE0629FE9}.Debug|Any CPU.ActiveCfg = Debug|Any CPU
		{2C7EFB79-8378-5319-9DDD-128FE0629FE9}.Debug|Any CPU.Build.0 = Debug|Any CPU
		{2C7EFB79-8378-5319-9DDD-128FE0629FE9}.Release|Any CPU.ActiveCfg = Release|Any CPU
		{2C7EFB79-8378-5319-9DDD-128FE0629FE9}.Release|Any CPU.Build.0 = Release|Any CPU
	EndGlobalSection
	GlobalSection(SolutionProperties) = preSolution
		HideSolutionNode = FALSE
	EndGlobalSection
	GlobalSection(ExtensibilityGlobals) = postSolution
		SolutionGuid = {A260E892-E41F-4075-BC8E-F2DD937B3F11}
	EndGlobalSection
EndGlobal
